Microsoft Visual Studio Solution File, Format Version 8.00
Project("{FAE04EC0-301F-11D3-BF4B-00C04F79EFBC}") = "PortScanner", "PortScanner.csproj", "{EF56174C-6CED-4B2D-8C48-95902AF44DAA}"
	ProjectSection(ProjectDependencies) = postProject
	EndProjectSection
EndProject
Global
	GlobalSection(SolutionConfiguration) = preSolution
		Debug = Debug
		Release = Release
	EndGlobalSection
	GlobalSection(ProjectConfiguration) = postSolution
		{EF56174C-6CED-4B2D-8C48-95902AF44DAA}.Debug.ActiveCfg = Debug|.NET
		{EF56174C-6CED-4B2D-8C48-95902AF44DAA}.Debug.Build.0 = Debug|.NET
		{EF56174C-6CED-4B2D-8C48-95902AF44DAA}.Release.ActiveCfg = Release|.NET
		{EF56174C-6CED-4B2D-8C48-95902AF44DAA}.Release.Build.0 = Release|.NET
	EndGlobalSection
	GlobalSection(ExtensibilityGlobals) = postSolution
	EndGlobalSection
	GlobalSection(ExtensibilityAddIns) = postSolution
	EndGlobalSection
EndGlobal
