Microsoft Visual Studio Solution File, Format Version 7.00
Project("{FAE04EC0-301F-11D3-BF4B-00C04F79EFBC}") = "BlowfishAlgorithmTest", "BlowfishAlgorithmTest.csproj", "{8ADDFC6F-9AB1-40B8-AB54-B029456589F5}"
EndProject
Global
	GlobalSection(SolutionConfiguration) = preSolution
		ConfigName.0 = Debug
		ConfigName.1 = Release
	EndGlobalSection
	GlobalSection(ProjectDependencies) = postSolution
	EndGlobalSection
	GlobalSection(ProjectConfiguration) = postSolution
		{8ADDFC6F-9AB1-40B8-AB54-B029456589F5}.Debug.ActiveCfg = Debug|.NET
		{8ADDFC6F-9AB1-40B8-AB54-B029456589F5}.Debug.Build.0 = Debug|.NET
		{8ADDFC6F-9AB1-40B8-AB54-B029456589F5}.Release.ActiveCfg = Release|.NET
		{8ADDFC6F-9AB1-40B8-AB54-B029456589F5}.Release.Build.0 = Release|.NET
	EndGlobalSection
	GlobalSection(ExtensibilityGlobals) = postSolution
	EndGlobalSection
	GlobalSection(ExtensibilityAddIns) = postSolution
	EndGlobalSection
EndGlobal
